
Microsoft Visual Studio Solution File, Format Version 12.00
# Visual Studio Version 17
VisualStudioVersion = 17.2.32630.192
MinimumVisualStudioVersion = 10.0.40219.1
Project("{FAE04EC0-301F-11D3-BF4B-00C04F79EFBC}") = "01_Classe", "01_Classe\01_Classe.csproj", "{326EE274-E519-49CA-82DD-702E7FB60A2B}"
EndProject
Project("{FAE04EC0-301F-11D3-BF4B-00C04F79EFBC}") = "02_Metodos", "02_Metodos\02_Metodos.csproj", "{74926A0A-0651-4F32-80A2-07CB9EA8A26B}"
EndProject
Project("{FAE04EC0-301F-11D3-BF4B-00C04F79EFBC}") = "03_Estruturas", "03_Estruturas\03_Estruturas.csproj", "{E23F18AD-6BC8-4D72-985D-7B6AFF37CF36}"
EndProject
Project("{FAE04EC0-301F-11D3-BF4B-00C04F79EFBC}") = "04_PassagemParametro", "04_PassagemParametroPorValor\04_PassagemParametro.csproj", "{8C6F28B7-55BA-4359-BB5C-2636415BDD3C}"
EndProject
Project("{FAE04EC0-301F-11D3-BF4B-00C04F79EFBC}") = "Classes", "Classes\Classes.csproj", "{1E79B4DE-7A1A-4625-9743-F9063E989BC9}"
EndProject
Global
	GlobalSection(SolutionConfigurationPlatforms) = preSolution
		Debug|Any CPU = Debug|Any CPU
		Release|Any CPU = Release|Any CPU
	EndGlobalSection
	GlobalSection(ProjectConfigurationPlatforms) = postSolution
		{326EE274-E519-49CA-82DD-702E7FB60A2B}.Debug|Any CPU.ActiveCfg = Debug|Any CPU
		{326EE274-E519-49CA-82DD-702E7FB60A2B}.Debug|Any CPU.Build.0 = Debug|Any CPU
		{326EE274-E519-49CA-82DD-702E7FB60A2B}.Release|Any CPU.ActiveCfg = Release|Any CPU
		{326EE274-E519-49CA-82DD-702E7FB60A2B}.Release|Any CPU.Build.0 = Release|Any CPU
		{74926A0A-0651-4F32-80A2-07CB9EA8A26B}.Debug|Any CPU.ActiveCfg = Debug|Any CPU
		{74926A0A-0651-4F32-80A2-07CB9EA8A26B}.Debug|Any CPU.Build.0 = Debug|Any CPU
		{74926A0A-0651-4F32-80A2-07CB9EA8A26B}.Release|Any CPU.ActiveCfg = Release|Any CPU
		{74926A0A-0651-4F32-80A2-07CB9EA8A26B}.Release|Any CPU.Build.0 = Release|Any CPU
		{E23F18AD-6BC8-4D72-985D-7B6AFF37CF36}.Debug|Any CPU.ActiveCfg = Debug|Any CPU
		{E23F18AD-6BC8-4D72-985D-7B6AFF37CF36}.Debug|Any CPU.Build.0 = Debug|Any CPU
		{E23F18AD-6BC8-4D72-985D-7B6AFF37CF36}.Release|Any CPU.ActiveCfg = Release|Any CPU
		{E23F18AD-6BC8-4D72-985D-7B6AFF37CF36}.Release|Any CPU.Build.0 = Release|Any CPU
		{8C6F28B7-55BA-4359-BB5C-2636415BDD3C}.Debug|Any CPU.ActiveCfg = Debug|Any CPU
		{8C6F28B7-55BA-4359-BB5C-2636415BDD3C}.Debug|Any CPU.Build.0 = Debug|Any CPU
		{8C6F28B7-55BA-4359-BB5C-2636415BDD3C}.Release|Any CPU.ActiveCfg = Release|Any CPU
		{8C6F28B7-55BA-4359-BB5C-2636415BDD3C}.Release|Any CPU.Build.0 = Release|Any CPU
		{1E79B4DE-7A1A-4625-9743-F9063E989BC9}.Debug|Any CPU.ActiveCfg = Debug|Any CPU
		{1E79B4DE-7A1A-4625-9743-F9063E989BC9}.Debug|Any CPU.Build.0 = Debug|Any CPU
		{1E79B4DE-7A1A-4625-9743-F9063E989BC9}.Release|Any CPU.ActiveCfg = Release|Any CPU
		{1E79B4DE-7A1A-4625-9743-F9063E989BC9}.Release|Any CPU.Build.0 = Release|Any CPU
	EndGlobalSection
	GlobalSection(SolutionProperties) = preSolution
		HideSolutionNode = FALSE
	EndGlobalSection
	GlobalSection(ExtensibilityGlobals) = postSolution
		SolutionGuid = {E71BF660-7AFD-43E7-AB4C-E84F4090972C}
	EndGlobalSection
EndGlobal
